<Solution>
  <Folder Name="/BobTabor/" />
  <Folder Name="/BobTabor/BobTaborFundamentals/" />
  <Folder Name="/BobTabor/BobTaborFundamentals/Lession_1_Hello_World/">
    <Project Path="BobTaborC#Fundamental/HelloWorld/HelloWorld/HelloWorld.csproj" />
  </Folder>
  <Folder Name="/BobTabor/BobTaborFundamentals/Lession_2_Variables/">
    <Project Path="Variables/Variables.csproj" Id="4d05b529-ac1c-420d-bed5-455b1b96e3df" />
  </Folder>
  <Folder Name="/BobTabor/BobTaborFundamentals/Lession_3_If_decision/">
    <Project Path="Conditional_Operator/Conditional_Operator.csproj" Id="b99e51b1-0a81-4864-be8f-7c56958ce73f" />
    <Project Path="Decision/Decision.csproj" Id="36520694-c411-4806-bde3-7d6686cd0a3d" />
  </Folder>
  <Folder Name="/BobTabor/BobTaborFundamentals/Lession_4_Operators_Expressions_statemet/">
    <Project Path="Operators/Operators.csproj" Id="153a22fb-8c30-4038-bb6e-8d7db5484cb9" />
  </Folder>
  <Folder Name="/BobTabor/BobTaborFundamentals/Lession_5_For_Iteration/">
    <Project Path="For_Iteration/For_Iteration.csproj" Id="6fe0939c-3505-4e9d-9981-901675b5c16d" />
  </Folder>
  <Folder Name="/BobTabor/BobTaborFundamentals/Lession_6_Arrays/">
    <Project Path="Understanding_Arrays/Understanding_Arrays.csproj" Id="24833f9e-58ee-4b67-a51b-7c38e0db30c2" />
  </Folder>
  <Folder Name="/BobTabor/BobTaborFundamentals/Lession_7_Simple_Methods/">
    <Project Path="HelperMethods/HelperMethods.csproj" Id="89a08a9e-63b0-4457-9d1e-fc7e05d98a87" />
    <Project Path="HelperMethodsAfter_1/HelperMethodsAfter_1.csproj" Id="11dc9d0a-62f2-4024-acb7-306147e7e650" />
    <Project Path="HelperMetodsBefore/HelperMetodsBefore.csproj" Id="73e3d36a-1105-4125-ab49-b53bbbfe9d86" />
    <Project Path="Understanding_Methods/Understanding_Methods.csproj" Id="e901efb6-1bf3-4aae-99c5-328f12853bb3" />
  </Folder>
  <Folder Name="/BobTabor/BobTaborFundamentals/Lession_8_While_Iteration/">
    <Project Path="While_Iterations/While_Iterations.csproj" Id="2aa80073-e0b5-4f69-bc57-f896929d6c6f" />
  </Folder>
</Solution>
