<Solution>
  <Folder Name="/BobTabor/" />
  <Folder Name="/BobTabor/BobTaborFundamentals/" />
  <Folder Name="/BobTabor/BobTaborFundamentals/Lession_10_Dates_and_Times/">
    <Project Path="DatesAndTimes/DatesAndTimes.csproj" Id="2720f098-8ae4-498b-ad81-53e78dfb5cfb" />
  </Folder>
  <Folder Name="/BobTabor/BobTaborFundamentals/Lession_11_Classes/">
    <Project Path="SimpleClasses/SimpleClasses.csproj" Id="0f82b043-2d36-4857-9562-81341412954e" />
    <Project Path="SimpleClasses1/SimpleClasses1.csproj" Id="c8147ede-bb28-4af0-8435-7b128c843108" />
    <Project Path="SimpleClasses2/SimpleClasses2.csproj" Id="ce48faeb-ce36-4b13-b338-5571c2e2f54f" />
    <Project Path="SimpleClasses3/SimpleClasses3.csproj" Id="ccfda9e2-f86f-4f1f-a9eb-8b8ad10f69d7" />
  </Folder>
  <Folder Name="/BobTabor/BobTaborFundamentals/Lession_12_ObjectLifetime/">
    <Project Path="ObjectLifetime/ObjectLifetime.csproj" Id="e6aad33d-b48a-4300-9396-632055214ae1" />
    <Project Path="ObjectLifetime1/ObjectLifetime1.csproj" Id="eb5842b1-25fb-46c8-a6cb-453d8b935719" />
    <Project Path="ObjectLifetime2/ObjectLifetime2.csproj" Id="2befff4b-5379-43e9-b812-99202cd4ddf1" />
  </Folder>
  <Folder Name="/BobTabor/BobTaborFundamentals/Lession_13_Scope/">
    <Project Path="UnderstandingScope/UnderstandingScope.csproj" Id="5ed735df-1f64-46f7-a06d-b786561c0497" />
    <Project Path="UnderstandingScope1/UnderstandingScope1.csproj" Id="4fe7cf40-63c2-4b62-b195-118d941db496" />
    <Project Path="UnderstandingScope2/UnderstandingScope2.csproj" Id="a7160d90-ceba-4828-a988-d72ae39055ff" />
  </Folder>
  <Folder Name="/BobTabor/BobTaborFundamentals/Lession_14_AssembliesAndNamespaces/">
    <Project Path="AssembliesAndNamespaces/AssembliesAndNamespaces.csproj" Id="708bc0d8-f2ef-42a9-96a4-493d7aa0a33d" />
  </Folder>
  <Folder Name="/BobTabor/BobTaborFundamentals/Lession_15_References/">
    <Project Path="ConsoleApplication2Reference/ConsoleApplication2Reference.csproj" Id="8fc9af82-bef0-49a5-a18b-e8bc5ca678b2" />
    <Project Path="MyCodeLibrary/MyCodeLibrary.csproj" Id="6b9bd6a2-f79c-4a27-b6da-278e48cb204d" />
  </Folder>
  <Folder Name="/BobTabor/BobTaborFundamentals/Lession_16_Collections/">
    <Project Path="WorkingWithCollections/WorkingWithCollections.csproj" Id="7a7990c9-f4e0-4482-a20b-83a4bc80fb10" />
  </Folder>
  <Folder Name="/BobTabor/BobTaborFundamentals/Lession_17_Linq/">
    <Project Path="Linq_Pc_Builder/Linq_Pc_Builder.csproj" Id="2605911f-ffc6-4586-986c-a57f2e55f80d" />
    <Project Path="UnderstandingLINQ/UnderstandingLINQ.csproj" Id="284a7621-e4ef-4f3e-8bff-6a53d8c0158b" />
    <Project Path="UnderstandingLINQ1/UnderstandingLINQ1.csproj" Id="5da2903d-6bc1-41f2-855a-ac7af6d0efe4" />
  </Folder>
  <Folder Name="/BobTabor/BobTaborFundamentals/Lession_18_Enum_Switch/">
    <Project Path="EnumsAndSwitch/EnumsAndSwitch.csproj" Id="fa4704ac-473a-4929-91b7-7c67c5d2d8aa" />
  </Folder>
  <Folder Name="/BobTabor/BobTaborFundamentals/Lession_19_Handling_Exceptions/">
    <Project Path="HandlingExceptions1/HandlingExceptions1.csproj" Id="503c5f39-0589-4a45-ab63-1a8f6ad3d5ac" />
  </Folder>
  <Folder Name="/BobTabor/BobTaborFundamentals/Lession_1_Hello_World/">
    <Project Path="BobTaborC#Fundamental/HelloWorld/HelloWorld/HelloWorld.csproj" />
  </Folder>
  <Folder Name="/BobTabor/BobTaborFundamentals/Lession_20_Event_Driven/">
    <Project Path="TimerExample/TimerExample.csproj" Id="9fd3df7b-87d3-406e-ac01-1b3b3b0106a2" />
    <Project Path="WpfEvents/WpfEvents.csproj" Id="c6537d59-04b8-4750-becd-d88571b33f59" />
  </Folder>
  <Folder Name="/BobTabor/BobTaborFundamentals/Lession_2_Variables/">
    <Project Path="Variables/Variables.csproj" Id="4d05b529-ac1c-420d-bed5-455b1b96e3df" />
  </Folder>
  <Folder Name="/BobTabor/BobTaborFundamentals/Lession_3_If_decision/">
    <Project Path="Conditional_Operator/Conditional_Operator.csproj" Id="b99e51b1-0a81-4864-be8f-7c56958ce73f" />
    <Project Path="Decision/Decision.csproj" Id="36520694-c411-4806-bde3-7d6686cd0a3d" />
  </Folder>
  <Folder Name="/BobTabor/BobTaborFundamentals/Lession_4_Operators_Expressions_statemet/">
    <Project Path="Operators/Operators.csproj" Id="153a22fb-8c30-4038-bb6e-8d7db5484cb9" />
  </Folder>
  <Folder Name="/BobTabor/BobTaborFundamentals/Lession_5_For_Iteration/">
    <Project Path="For_Iteration/For_Iteration.csproj" Id="6fe0939c-3505-4e9d-9981-901675b5c16d" />
  </Folder>
  <Folder Name="/BobTabor/BobTaborFundamentals/Lession_6_Arrays/">
    <Project Path="Understanding_Arrays/Understanding_Arrays.csproj" Id="24833f9e-58ee-4b67-a51b-7c38e0db30c2" />
  </Folder>
  <Folder Name="/BobTabor/BobTaborFundamentals/Lession_7_Simple_Methods/">
    <Project Path="HelperMethods/HelperMethods.csproj" Id="89a08a9e-63b0-4457-9d1e-fc7e05d98a87" />
    <Project Path="HelperMethodsAfter_1/HelperMethodsAfter_1.csproj" Id="11dc9d0a-62f2-4024-acb7-306147e7e650" />
    <Project Path="HelperMetodsBefore/HelperMetodsBefore.csproj" Id="73e3d36a-1105-4125-ab49-b53bbbfe9d86" />
    <Project Path="Understanding_Methods/Understanding_Methods.csproj" Id="e901efb6-1bf3-4aae-99c5-328f12853bb3" />
  </Folder>
  <Folder Name="/BobTabor/BobTaborFundamentals/Lession_8_While_Iteration/">
    <Project Path="do_while_kalkulator_za_komponente/do_while_kalkulator_za_komponente.csproj" Id="808bef7a-ec20-4a7c-81c1-4a8bda83f93b" />
    <Project Path="Do_while_loptica/Do_while_loptica.csproj" Id="619e5394-6023-4fde-9896-341023b253ea" />
    <Project Path="do_while_Lozinka/do_while_Lozinka.csproj" Id="03d4f0d8-ef1d-4e1b-b43b-ee2cdd7c16a0" />
    <Project Path="do_while_skopi_pc/do_while_skopi_pc.csproj" Id="2ff1bc8d-4b20-4f4b-8db1-2afa1d2d4596" />
    <Project Path="do_while_tezine_paketa/do_while_tezine_paketa.csproj" Id="3eb8dc26-9f17-46fe-a0a3-bc3b1b3eea3a" />
    <Project Path="Do_While_Traka/Do_While_Traka.csproj" Id="002cfe49-9453-4aed-b4f5-2d54d93d21a1" />
    <Project Path="While_Iterations/While_Iterations.csproj" Id="2aa80073-e0b5-4f69-bc57-f896929d6c6f" />
    <Project Path="While_Iteration_1/While_Iteration_1.csproj" Id="525bd700-f6f0-4f71-b668-8b3ae162d40c" />
    <Project Path="While_Iteration_2/While_Iteration_2.csproj" Id="e1041407-c14e-496a-ad0f-c9ad40cd7a5f" />
  </Folder>
  <Folder Name="/BobTabor/BobTaborFundamentals/Lession_9_Strings/">
    <Project Path="Strings/Strings.csproj" Id="130c771b-4257-4759-8f88-1ae08f39ca53" />
  </Folder>
  <Folder Name="/BobTabor/Thinking like an object oriented programer/" />
  <Folder Name="/BobTabor/Thinking like an object oriented programer/Helpers/">
    <File Path="UIHelpers.cs" />
  </Folder>
  <Folder Name="/BobTabor/Thinking like an object oriented programer/Lession_1/">
    <Project Path="Lession 1 intro/Lession 1 intro.csproj" Id="a9a08cb8-7ae2-4143-bc76-b7d23fa04d09" />
  </Folder>
  <Folder Name="/BobTabor/Thinking like an object oriented programer/Lession_2/">
    <Project Path="Lession_2/Lession_2.csproj" Id="e20dfaa6-db4d-4efc-bf33-f616d78602dc" />
  </Folder>
</Solution>
